{
  "version": 4,
  "terraform_version": "1.5.5",
  "serial": 5,
  "lineage": "decb8c39-0646-3398-e59e-2187398a3e69",
  "outputs": {},
  "resources": [
    {
      "mode": "managed",
      "type": "databricks_job",
      "name": "cicdproject_job",
      "provider": "provider[\"registry.terraform.io/databricks/databricks\"]",
      "instances": [
        {
          "schema_version": 2,
          "attributes": {
            "always_running": false,
            "budget_policy_id": null,
            "continuous": [],
            "control_run_state": false,
            "dbt_task": [],
            "deployment": [
              {
                "kind": "BUNDLE",
                "metadata_file_path": "/Workspace/Users/bijumathewt@gmail.com/.bundle/cicdproject/dev/state/metadata.json"
              }
            ],
            "description": null,
            "edit_mode": "UI_LOCKED",
            "email_notifications": [
              {
                "no_alert_for_skipped_runs": false,
                "on_duration_warning_threshold_exceeded": [],
                "on_failure": [
                  "bijumathewt@gmail.com"
                ],
                "on_start": [],
                "on_streaming_backlog_exceeded": [],
                "on_success": []
              }
            ],
            "environment": [],
            "existing_cluster_id": null,
            "format": "MULTI_TASK",
            "git_source": [],
            "health": [],
            "id": "935804257687071",
            "job_cluster": [
              {
                "job_cluster_key": "job_cluster",
                "new_cluster": [
                  {
                    "apply_policy_default_values": false,
                    "autoscale": [
                      {
                        "max_workers": 4,
                        "min_workers": 1
                      }
                    ],
                    "aws_attributes": [],
                    "azure_attributes": [
                      {
                        "availability": "ON_DEMAND_AZURE",
                        "first_on_demand": 0,
                        "log_analytics_info": [],
                        "spot_bid_max_price": 0
                      }
                    ],
                    "cluster_id": "",
                    "cluster_log_conf": [],
                    "cluster_mount_info": [],
                    "cluster_name": "",
                    "custom_tags": {},
                    "data_security_mode": "SINGLE_USER",
                    "docker_image": [],
                    "driver_instance_pool_id": "",
                    "driver_node_type_id": "",
                    "enable_elastic_disk": true,
                    "enable_local_disk_encryption": false,
                    "gcp_attributes": [],
                    "idempotency_token": "",
                    "init_scripts": [],
                    "instance_pool_id": "",
                    "is_single_node": false,
                    "kind": "",
                    "library": [],
                    "node_type_id": "Standard_D3_v2",
                    "num_workers": 0,
                    "policy_id": "",
                    "runtime_engine": "",
                    "single_user_name": "",
                    "spark_conf": {},
                    "spark_env_vars": {},
                    "spark_version": "15.4.x-scala2.12",
                    "ssh_public_keys": [],
                    "use_ml_runtime": false,
                    "workload_type": []
                  }
                ]
              }
            ],
            "library": [],
            "max_concurrent_runs": 4,
            "max_retries": 0,
            "min_retry_interval_millis": 0,
            "name": "[dev bijumathewt] cicdproject_job",
            "new_cluster": [],
            "notebook_task": [],
            "notification_settings": [],
            "parameter": [],
            "performance_target": null,
            "pipeline_task": [],
            "python_wheel_task": [],
            "queue": [
              {
                "enabled": true
              }
            ],
            "retry_on_timeout": false,
            "run_as": [
              {
                "service_principal_name": "",
                "user_name": "bijumathewt@gmail.com"
              }
            ],
            "run_job_task": [],
            "schedule": [],
            "spark_jar_task": [],
            "spark_python_task": [],
            "spark_submit_task": [],
            "tags": {
              "dev": "bijumathewt"
            },
            "task": [
              {
                "clean_rooms_notebook_task": [],
                "condition_task": [],
                "dbt_task": [],
                "depends_on": [
                  {
                    "outcome": "",
                    "task_key": "refresh_pipeline"
                  }
                ],
                "description": "",
                "disable_auto_optimization": false,
                "email_notifications": [
                  {
                    "no_alert_for_skipped_runs": false,
                    "on_duration_warning_threshold_exceeded": [],
                    "on_failure": [],
                    "on_start": [],
                    "on_streaming_backlog_exceeded": [],
                    "on_success": []
                  }
                ],
                "environment_key": "",
                "existing_cluster_id": "",
                "for_each_task": [],
                "health": [],
                "job_cluster_key": "job_cluster",
                "library": [
                  {
                    "cran": [],
                    "egg": "",
                    "jar": "",
                    "maven": [],
                    "pypi": [],
                    "requirements": "",
                    "whl": "/Workspace/Users/bijumathewt@gmail.com/.bundle/cicdproject/dev/artifacts/.internal/cicdproject-0.0.1+20250421.201836-py3-none-any.whl"
                  }
                ],
                "max_retries": 0,
                "min_retry_interval_millis": 0,
                "new_cluster": [],
                "notebook_task": [],
                "notification_settings": [],
                "pipeline_task": [],
                "python_wheel_task": [
                  {
                    "entry_point": "main",
                    "named_parameters": {},
                    "package_name": "cicdproject",
                    "parameters": []
                  }
                ],
                "retry_on_timeout": false,
                "run_if": "ALL_SUCCESS",
                "run_job_task": [],
                "spark_jar_task": [],
                "spark_python_task": [],
                "spark_submit_task": [],
                "sql_task": [],
                "task_key": "main_task",
                "timeout_seconds": 0,
                "webhook_notifications": []
              },
              {
                "clean_rooms_notebook_task": [],
                "condition_task": [],
                "dbt_task": [],
                "depends_on": [],
                "description": "",
                "disable_auto_optimization": false,
                "email_notifications": [
                  {
                    "no_alert_for_skipped_runs": false,
                    "on_duration_warning_threshold_exceeded": [],
                    "on_failure": [],
                    "on_start": [],
                    "on_streaming_backlog_exceeded": [],
                    "on_success": []
                  }
                ],
                "environment_key": "",
                "existing_cluster_id": "",
                "for_each_task": [],
                "health": [],
                "job_cluster_key": "job_cluster",
                "library": [],
                "max_retries": 0,
                "min_retry_interval_millis": 0,
                "new_cluster": [],
                "notebook_task": [
                  {
                    "base_parameters": {},
                    "notebook_path": "/Workspace/Users/bijumathewt@gmail.com/.bundle/cicdproject/dev/files/src/notebook",
                    "source": "WORKSPACE",
                    "warehouse_id": ""
                  }
                ],
                "notification_settings": [],
                "pipeline_task": [],
                "python_wheel_task": [],
                "retry_on_timeout": false,
                "run_if": "ALL_SUCCESS",
                "run_job_task": [],
                "spark_jar_task": [],
                "spark_python_task": [],
                "spark_submit_task": [],
                "sql_task": [],
                "task_key": "notebook_task",
                "timeout_seconds": 0,
                "webhook_notifications": []
              },
              {
                "clean_rooms_notebook_task": [],
                "condition_task": [],
                "dbt_task": [],
                "depends_on": [
                  {
                    "outcome": "",
                    "task_key": "notebook_task"
                  }
                ],
                "description": "",
                "disable_auto_optimization": false,
                "email_notifications": [
                  {
                    "no_alert_for_skipped_runs": false,
                    "on_duration_warning_threshold_exceeded": [],
                    "on_failure": [],
                    "on_start": [],
                    "on_streaming_backlog_exceeded": [],
                    "on_success": []
                  }
                ],
                "environment_key": "",
                "existing_cluster_id": "",
                "for_each_task": [],
                "health": [],
                "job_cluster_key": "",
                "library": [],
                "max_retries": 0,
                "min_retry_interval_millis": 0,
                "new_cluster": [],
                "notebook_task": [],
                "notification_settings": [],
                "pipeline_task": [
                  {
                    "full_refresh": false,
                    "pipeline_id": "5a91266e-00f9-4390-9ec6-dd0b6291a022"
                  }
                ],
                "python_wheel_task": [],
                "retry_on_timeout": false,
                "run_if": "ALL_SUCCESS",
                "run_job_task": [],
                "spark_jar_task": [],
                "spark_python_task": [],
                "spark_submit_task": [],
                "sql_task": [],
                "task_key": "refresh_pipeline",
                "timeout_seconds": 0,
                "webhook_notifications": []
              }
            ],
            "timeout_seconds": 0,
            "timeouts": null,
            "trigger": [
              {
                "file_arrival": [],
                "pause_status": "PAUSED",
                "periodic": [
                  {
                    "interval": 1,
                    "unit": "DAYS"
                  }
                ],
                "table": [],
                "table_update": []
              }
            ],
            "url": "https://adb-1359873398769568.8.azuredatabricks.net/#job/935804257687071",
            "webhook_notifications": [
              {
                "on_duration_warning_threshold_exceeded": [],
                "on_failure": [],
                "on_start": [],
                "on_streaming_backlog_exceeded": [],
                "on_success": []
              }
            ]
          },
          "sensitive_attributes": [],
          "private": "eyJlMmJmYjczMC1lY2FhLTExZTYtOGY4OC0zNDM2M2JjN2M0YzAiOnsiY3JlYXRlIjoxODAwMDAwMDAwMDAwLCJ1cGRhdGUiOjE4MDAwMDAwMDAwMDB9LCJzY2hlbWFfdmVyc2lvbiI6IjIifQ==",
          "dependencies": [
            "databricks_pipeline.cicdproject_pipeline"
          ]
        }
      ]
    },
    {
      "mode": "managed",
      "type": "databricks_pipeline",
      "name": "cicdproject_pipeline",
      "provider": "provider[\"registry.terraform.io/databricks/databricks\"]",
      "instances": [
        {
          "schema_version": 0,
          "attributes": {
            "allow_duplicate_names": false,
            "budget_policy_id": null,
            "catalog": "wscicddatabricks",
            "cause": null,
            "channel": "CURRENT",
            "cluster": [],
            "cluster_id": null,
            "configuration": {
              "bundle.sourcePath": "/Workspace/Users/bijumathewt@gmail.com/.bundle/cicdproject/dev/files/src"
            },
            "continuous": false,
            "creator_user_name": "bijumathewt@gmail.com",
            "deployment": [
              {
                "kind": "BUNDLE",
                "metadata_file_path": "/Workspace/Users/bijumathewt@gmail.com/.bundle/cicdproject/dev/state/metadata.json"
              }
            ],
            "development": true,
            "edition": "ADVANCED",
            "expected_last_modified": 0,
            "filters": [],
            "gateway_definition": [],
            "health": null,
            "id": "5a91266e-00f9-4390-9ec6-dd0b6291a022",
            "ingestion_definition": [],
            "last_modified": 1745265614818,
            "latest_updates": [],
            "library": [
              {
                "file": [],
                "jar": "",
                "maven": [],
                "notebook": [
                  {
                    "path": "/Workspace/Users/bijumathewt@gmail.com/.bundle/cicdproject/dev/files/src/dlt_pipeline"
                  }
                ],
                "whl": ""
              }
            ],
            "name": "[dev bijumathewt] cicdproject_pipeline",
            "notification": [],
            "photon": false,
            "restart_window": [],
            "run_as": [
              {
                "service_principal_name": "",
                "user_name": "bijumathewt@gmail.com"
              }
            ],
            "run_as_user_name": "bijumathewt@gmail.com",
            "schema": "cicdproject_dev",
            "serverless": false,
            "state": "IDLE",
            "storage": null,
            "target": null,
            "timeouts": null,
            "trigger": [],
            "url": "https://adb-1359873398769568.8.azuredatabricks.net/#joblist/pipelines/5a91266e-00f9-4390-9ec6-dd0b6291a022"
          },
          "sensitive_attributes": [],
          "private": "eyJlMmJmYjczMC1lY2FhLTExZTYtOGY4OC0zNDM2M2JjN2M0YzAiOnsiY3JlYXRlIjoxMjAwMDAwMDAwMDAwLCJkZWZhdWx0IjoxMjAwMDAwMDAwMDAwLCJkZWxldGUiOjEyMDAwMDAwMDAwMDAsInJlYWQiOjEyMDAwMDAwMDAwMDAsInVwZGF0ZSI6MTIwMDAwMDAwMDAwMH19"
        }
      ]
    }
  ],
  "check_results": null
}
